
Microsoft Visual Studio Solution File, Format Version 12.00
# Visual Studio Version 16
VisualStudioVersion = 16.6.30114.105
MinimumVisualStudioVersion = 10.0.40219.1
Project("{2150E333-8FDC-42A3-9474-1A3956D46DE8}") = "src", "src", "{8F9CFA6B-4D92-4D7A-8790-128B102AC0C1}"
EndProject
Project("{2150E333-8FDC-42A3-9474-1A3956D46DE8}") = "1 - Lógica de Programação", "1 - Lógica de Programação", "{5B22E548-E53A-4228-B85F-61786955F3FA}"
EndProject
Project("{2150E333-8FDC-42A3-9474-1A3956D46DE8}") = "2 - Operadores de Atribuição", "2 - Operadores de Atribuição", "{28E60E23-ED4E-4D8C-B76D-8653BDF729DF}"
EndProject
Project("{9A19103F-16F7-4668-BE54-9A1E7A4F7556}") = "OperadoresAtribuicao", "src\1 - Lógica de Programação\2 - Operadores de Atribuição\OperadoresAtribuicao\OperadoresAtribuicao.csproj", "{4DB1BEF3-3AE0-472C-B7B1-0AC758DD6106}"
EndProject
Project("{2150E333-8FDC-42A3-9474-1A3956D46DE8}") = "3 - Casting", "3 - Casting", "{6ACD7408-DBA3-4BE5-A8EB-39E2D4E1E747}"
EndProject
Project("{9A19103F-16F7-4668-BE54-9A1E7A4F7556}") = "Casting", "src\1 - Lógica de Programação\3 - Casting\Casting\Casting.csproj", "{689317DF-31E6-4CC1-8015-914418617540}"
EndProject
Project("{2150E333-8FDC-42A3-9474-1A3956D46DE8}") = "4 - Operadores Aritméticos", "4 - Operadores Aritméticos", "{026F027D-CA0F-400E-93B1-D332AE0886C4}"
EndProject
Project("{9A19103F-16F7-4668-BE54-9A1E7A4F7556}") = "Operadores Aritméticos", "src\1 - Lógica de Programação\4 - Operadores Aritméticos\Operadores Aritméticos\Operadores Aritméticos.csproj", "{8ADFDC51-1F27-4198-83ED-B704E736303D}"
EndProject
Project("{2150E333-8FDC-42A3-9474-1A3956D46DE8}") = "5 - Entrada de Dados", "5 - Entrada de Dados", "{50D8B13E-164B-4D81-ABC4-267E8919954F}"
EndProject
Project("{9A19103F-16F7-4668-BE54-9A1E7A4F7556}") = "EntradaDeDados", "src\1 - Lógica de Programação\5 - Entrada de Dados\EntradaDeDados\EntradaDeDados.csproj", "{28AC408A-FB79-49A5-83A9-D2E8E6B3E521}"
EndProject
Project("{2150E333-8FDC-42A3-9474-1A3956D46DE8}") = "1 - Saída de Dados", "1 - Saída de Dados", "{2CD73B50-37E7-419E-BA88-F9D050EEF863}"
EndProject
Project("{2150E333-8FDC-42A3-9474-1A3956D46DE8}") = "6 - Operadores comparativos e lógicos", "6 - Operadores comparativos e lógicos", "{E9B42503-DD65-4A99-B8CA-6FF6E9361F24}"
EndProject
Project("{9A19103F-16F7-4668-BE54-9A1E7A4F7556}") = "Operadores Comparativos e Lógicos", "src\1 - Lógica de Programação\6 - Operadores comparativos e lógicos\Operadores Comparativos e Lógicos\Operadores Comparativos e Lógicos.csproj", "{F6A95DA1-3AD8-43D9-BBE8-CDC8F05FBBA9}"
EndProject
Project("{9A19103F-16F7-4668-BE54-9A1E7A4F7556}") = "Saída de Dados", "src\1 - Lógica de Programação\1 - Saída de Dados\Saída de Dados\Saída de Dados.csproj", "{566CC61B-B7B3-4FBA-B638-5431093649ED}"
EndProject
Project("{9A19103F-16F7-4668-BE54-9A1E7A4F7556}") = "EstrtuturaCondicional", "src\1 - Lógica de Programação\7 - Estrutura Condicional\EstrtuturaCondicional\EstrtuturaCondicional.csproj", "{465B3F79-15A3-4C7A-B779-DA4062E89EC5}"
EndProject
Project("{2150E333-8FDC-42A3-9474-1A3956D46DE8}") = "7 - Estrutura Condicional", "7 - Estrutura Condicional", "{71C4AAE8-FE21-4037-B050-E71F5D3C3372}"
EndProject
Project("{2150E333-8FDC-42A3-9474-1A3956D46DE8}") = "8 - Funções", "8 - Funções", "{A6C03403-8942-464C-81D5-DF1A5C46192D}"
EndProject
Project("{9A19103F-16F7-4668-BE54-9A1E7A4F7556}") = "Funcoes", "src\1 - Lógica de Programação\8 - Funções\Funcoes\Funcoes.csproj", "{6AE714E3-232B-460D-9C96-131DCA9E39A0}"
EndProject
Project("{9A19103F-16F7-4668-BE54-9A1E7A4F7556}") = "EstruturadeRepeticao", "src\1 - Lógica de Programação\9 - Estrutura de Repetição\EstruturadeRepeticao\EstruturadeRepeticao.csproj", "{C0020198-6274-4EA9-99A1-C08EBD7D9FD0}"
EndProject
Project("{2150E333-8FDC-42A3-9474-1A3956D46DE8}") = "9 - Estrutura de Repetição", "9 - Estrutura de Repetição", "{286E06AD-8FE3-496B-A56D-36FB6A75E87A}"
EndProject
Project("{2150E333-8FDC-42A3-9474-1A3956D46DE8}") = "Desafios", "Desafios", "{00A04F2B-22DC-4A26-8197-1D460087A47F}"
EndProject
Project("{FAE04EC0-301F-11D3-BF4B-00C04F79EFBC}") = "Desafio01", "src\1 - Lógica de Programação\Desafios\Desafio01\Desafio01.csproj", "{EEC3B6FF-CB23-4FF2-AB72-7F80B81D7B11}"
EndProject
Project("{FAE04EC0-301F-11D3-BF4B-00C04F79EFBC}") = "Desafio02", "src\1 - Lógica de Programação\Desafios\Desafio02\Desafio02.csproj", "{B4588B78-FA16-438C-AEF6-6E2D22749B24}"
EndProject
Project("{FAE04EC0-301F-11D3-BF4B-00C04F79EFBC}") = "Desafio03", "src\1 - Lógica de Programação\Desafios\Desafio03\Desafio03.csproj", "{84C36CA2-F477-4743-B9D1-4630A1EB88FD}"
EndProject
Project("{FAE04EC0-301F-11D3-BF4B-00C04F79EFBC}") = "Desafio04", "src\1 - Lógica de Programação\Desafios\Desafio04\Desafio04.csproj", "{C6CDD212-F936-4EA1-B1B7-CE446E489A4C}"
EndProject
Project("{FAE04EC0-301F-11D3-BF4B-00C04F79EFBC}") = "Desafio05", "src\1 - Lógica de Programação\Desafios\Desafio05\Desafio05.csproj", "{8184F4AB-B764-4F8B-B659-725CE70B295B}"
EndProject
Project("{FAE04EC0-301F-11D3-BF4B-00C04F79EFBC}") = "Desafio06", "src\1 - Lógica de Programação\Desafios\Desafio06\Desafio06.csproj", "{9E426F1A-C52B-4AE6-B5D2-7EC3709D60B6}"
EndProject
Global
	GlobalSection(SolutionConfigurationPlatforms) = preSolution
		Debug|Any CPU = Debug|Any CPU
		Debug|x64 = Debug|x64
		Debug|x86 = Debug|x86
		Release|Any CPU = Release|Any CPU
		Release|x64 = Release|x64
		Release|x86 = Release|x86
	EndGlobalSection
	GlobalSection(ProjectConfigurationPlatforms) = postSolution
		{4DB1BEF3-3AE0-472C-B7B1-0AC758DD6106}.Debug|Any CPU.ActiveCfg = Debug|Any CPU
		{4DB1BEF3-3AE0-472C-B7B1-0AC758DD6106}.Debug|Any CPU.Build.0 = Debug|Any CPU
		{4DB1BEF3-3AE0-472C-B7B1-0AC758DD6106}.Debug|x64.ActiveCfg = Debug|Any CPU
		{4DB1BEF3-3AE0-472C-B7B1-0AC758DD6106}.Debug|x64.Build.0 = Debug|Any CPU
		{4DB1BEF3-3AE0-472C-B7B1-0AC758DD6106}.Debug|x86.ActiveCfg = Debug|Any CPU
		{4DB1BEF3-3AE0-472C-B7B1-0AC758DD6106}.Debug|x86.Build.0 = Debug|Any CPU
		{4DB1BEF3-3AE0-472C-B7B1-0AC758DD6106}.Release|Any CPU.ActiveCfg = Release|Any CPU
		{4DB1BEF3-3AE0-472C-B7B1-0AC758DD6106}.Release|Any CPU.Build.0 = Release|Any CPU
		{4DB1BEF3-3AE0-472C-B7B1-0AC758DD6106}.Release|x64.ActiveCfg = Release|Any CPU
		{4DB1BEF3-3AE0-472C-B7B1-0AC758DD6106}.Release|x64.Build.0 = Release|Any CPU
		{4DB1BEF3-3AE0-472C-B7B1-0AC758DD6106}.Release|x86.ActiveCfg = Release|Any CPU
		{4DB1BEF3-3AE0-472C-B7B1-0AC758DD6106}.Release|x86.Build.0 = Release|Any CPU
		{689317DF-31E6-4CC1-8015-914418617540}.Debug|Any CPU.ActiveCfg = Debug|Any CPU
		{689317DF-31E6-4CC1-8015-914418617540}.Debug|Any CPU.Build.0 = Debug|Any CPU
		{689317DF-31E6-4CC1-8015-914418617540}.Debug|x64.ActiveCfg = Debug|Any CPU
		{689317DF-31E6-4CC1-8015-914418617540}.Debug|x64.Build.0 = Debug|Any CPU
		{689317DF-31E6-4CC1-8015-914418617540}.Debug|x86.ActiveCfg = Debug|Any CPU
		{689317DF-31E6-4CC1-8015-914418617540}.Debug|x86.Build.0 = Debug|Any CPU
		{689317DF-31E6-4CC1-8015-914418617540}.Release|Any CPU.ActiveCfg = Release|Any CPU
		{689317DF-31E6-4CC1-8015-914418617540}.Release|Any CPU.Build.0 = Release|Any CPU
		{689317DF-31E6-4CC1-8015-914418617540}.Release|x64.ActiveCfg = Release|Any CPU
		{689317DF-31E6-4CC1-8015-914418617540}.Release|x64.Build.0 = Release|Any CPU
		{689317DF-31E6-4CC1-8015-914418617540}.Release|x86.ActiveCfg = Release|Any CPU
		{689317DF-31E6-4CC1-8015-914418617540}.Release|x86.Build.0 = Release|Any CPU
		{8ADFDC51-1F27-4198-83ED-B704E736303D}.Debug|Any CPU.ActiveCfg = Debug|Any CPU
		{8ADFDC51-1F27-4198-83ED-B704E736303D}.Debug|Any CPU.Build.0 = Debug|Any CPU
		{8ADFDC51-1F27-4198-83ED-B704E736303D}.Debug|x64.ActiveCfg = Debug|Any CPU
		{8ADFDC51-1F27-4198-83ED-B704E736303D}.Debug|x64.Build.0 = Debug|Any CPU
		{8ADFDC51-1F27-4198-83ED-B704E736303D}.Debug|x86.ActiveCfg = Debug|Any CPU
		{8ADFDC51-1F27-4198-83ED-B704E736303D}.Debug|x86.Build.0 = Debug|Any CPU
		{8ADFDC51-1F27-4198-83ED-B704E736303D}.Release|Any CPU.ActiveCfg = Release|Any CPU
		{8ADFDC51-1F27-4198-83ED-B704E736303D}.Release|Any CPU.Build.0 = Release|Any CPU
		{8ADFDC51-1F27-4198-83ED-B704E736303D}.Release|x64.ActiveCfg = Release|Any CPU
		{8ADFDC51-1F27-4198-83ED-B704E736303D}.Release|x64.Build.0 = Release|Any CPU
		{8ADFDC51-1F27-4198-83ED-B704E736303D}.Release|x86.ActiveCfg = Release|Any CPU
		{8ADFDC51-1F27-4198-83ED-B704E736303D}.Release|x86.Build.0 = Release|Any CPU
		{28AC408A-FB79-49A5-83A9-D2E8E6B3E521}.Debug|Any CPU.ActiveCfg = Debug|Any CPU
		{28AC408A-FB79-49A5-83A9-D2E8E6B3E521}.Debug|Any CPU.Build.0 = Debug|Any CPU
		{28AC408A-FB79-49A5-83A9-D2E8E6B3E521}.Debug|x64.ActiveCfg = Debug|Any CPU
		{28AC408A-FB79-49A5-83A9-D2E8E6B3E521}.Debug|x64.Build.0 = Debug|Any CPU
		{28AC408A-FB79-49A5-83A9-D2E8E6B3E521}.Debug|x86.ActiveCfg = Debug|Any CPU
		{28AC408A-FB79-49A5-83A9-D2E8E6B3E521}.Debug|x86.Build.0 = Debug|Any CPU
		{28AC408A-FB79-49A5-83A9-D2E8E6B3E521}.Release|Any CPU.ActiveCfg = Release|Any CPU
		{28AC408A-FB79-49A5-83A9-D2E8E6B3E521}.Release|Any CPU.Build.0 = Release|Any CPU
		{28AC408A-FB79-49A5-83A9-D2E8E6B3E521}.Release|x64.ActiveCfg = Release|Any CPU
		{28AC408A-FB79-49A5-83A9-D2E8E6B3E521}.Release|x64.Build.0 = Release|Any CPU
		{28AC408A-FB79-49A5-83A9-D2E8E6B3E521}.Release|x86.ActiveCfg = Release|Any CPU
		{28AC408A-FB79-49A5-83A9-D2E8E6B3E521}.Release|x86.Build.0 = Release|Any CPU
		{F6A95DA1-3AD8-43D9-BBE8-CDC8F05FBBA9}.Debug|Any CPU.ActiveCfg = Debug|Any CPU
		{F6A95DA1-3AD8-43D9-BBE8-CDC8F05FBBA9}.Debug|Any CPU.Build.0 = Debug|Any CPU
		{F6A95DA1-3AD8-43D9-BBE8-CDC8F05FBBA9}.Debug|x64.ActiveCfg = Debug|Any CPU
		{F6A95DA1-3AD8-43D9-BBE8-CDC8F05FBBA9}.Debug|x64.Build.0 = Debug|Any CPU
		{F6A95DA1-3AD8-43D9-BBE8-CDC8F05FBBA9}.Debug|x86.ActiveCfg = Debug|Any CPU
		{F6A95DA1-3AD8-43D9-BBE8-CDC8F05FBBA9}.Debug|x86.Build.0 = Debug|Any CPU
		{F6A95DA1-3AD8-43D9-BBE8-CDC8F05FBBA9}.Release|Any CPU.ActiveCfg = Release|Any CPU
		{F6A95DA1-3AD8-43D9-BBE8-CDC8F05FBBA9}.Release|Any CPU.Build.0 = Release|Any CPU
		{F6A95DA1-3AD8-43D9-BBE8-CDC8F05FBBA9}.Release|x64.ActiveCfg = Release|Any CPU
		{F6A95DA1-3AD8-43D9-BBE8-CDC8F05FBBA9}.Release|x64.Build.0 = Release|Any CPU
		{F6A95DA1-3AD8-43D9-BBE8-CDC8F05FBBA9}.Release|x86.ActiveCfg = Release|Any CPU
		{F6A95DA1-3AD8-43D9-BBE8-CDC8F05FBBA9}.Release|x86.Build.0 = Release|Any CPU
		{566CC61B-B7B3-4FBA-B638-5431093649ED}.Debug|Any CPU.ActiveCfg = Debug|Any CPU
		{566CC61B-B7B3-4FBA-B638-5431093649ED}.Debug|Any CPU.Build.0 = Debug|Any CPU
		{566CC61B-B7B3-4FBA-B638-5431093649ED}.Debug|x64.ActiveCfg = Debug|Any CPU
		{566CC61B-B7B3-4FBA-B638-5431093649ED}.Debug|x64.Build.0 = Debug|Any CPU
		{566CC61B-B7B3-4FBA-B638-5431093649ED}.Debug|x86.ActiveCfg = Debug|Any CPU
		{566CC61B-B7B3-4FBA-B638-5431093649ED}.Debug|x86.Build.0 = Debug|Any CPU
		{566CC61B-B7B3-4FBA-B638-5431093649ED}.Release|Any CPU.ActiveCfg = Release|Any CPU
		{566CC61B-B7B3-4FBA-B638-5431093649ED}.Release|Any CPU.Build.0 = Release|Any CPU
		{566CC61B-B7B3-4FBA-B638-5431093649ED}.Release|x64.ActiveCfg = Release|Any CPU
		{566CC61B-B7B3-4FBA-B638-5431093649ED}.Release|x64.Build.0 = Release|Any CPU
		{566CC61B-B7B3-4FBA-B638-5431093649ED}.Release|x86.ActiveCfg = Release|Any CPU
		{566CC61B-B7B3-4FBA-B638-5431093649ED}.Release|x86.Build.0 = Release|Any CPU
		{465B3F79-15A3-4C7A-B779-DA4062E89EC5}.Debug|Any CPU.ActiveCfg = Debug|Any CPU
		{465B3F79-15A3-4C7A-B779-DA4062E89EC5}.Debug|Any CPU.Build.0 = Debug|Any CPU
		{465B3F79-15A3-4C7A-B779-DA4062E89EC5}.Debug|x64.ActiveCfg = Debug|Any CPU
		{465B3F79-15A3-4C7A-B779-DA4062E89EC5}.Debug|x64.Build.0 = Debug|Any CPU
		{465B3F79-15A3-4C7A-B779-DA4062E89EC5}.Debug|x86.ActiveCfg = Debug|Any CPU
		{465B3F79-15A3-4C7A-B779-DA4062E89EC5}.Debug|x86.Build.0 = Debug|Any CPU
		{465B3F79-15A3-4C7A-B779-DA4062E89EC5}.Release|Any CPU.ActiveCfg = Release|Any CPU
		{465B3F79-15A3-4C7A-B779-DA4062E89EC5}.Release|Any CPU.Build.0 = Release|Any CPU
		{465B3F79-15A3-4C7A-B779-DA4062E89EC5}.Release|x64.ActiveCfg = Release|Any CPU
		{465B3F79-15A3-4C7A-B779-DA4062E89EC5}.Release|x64.Build.0 = Release|Any CPU
		{465B3F79-15A3-4C7A-B779-DA4062E89EC5}.Release|x86.ActiveCfg = Release|Any CPU
		{465B3F79-15A3-4C7A-B779-DA4062E89EC5}.Release|x86.Build.0 = Release|Any CPU
		{6AE714E3-232B-460D-9C96-131DCA9E39A0}.Debug|Any CPU.ActiveCfg = Debug|Any CPU
		{6AE714E3-232B-460D-9C96-131DCA9E39A0}.Debug|Any CPU.Build.0 = Debug|Any CPU
		{6AE714E3-232B-460D-9C96-131DCA9E39A0}.Debug|x64.ActiveCfg = Debug|Any CPU
		{6AE714E3-232B-460D-9C96-131DCA9E39A0}.Debug|x64.Build.0 = Debug|Any CPU
		{6AE714E3-232B-460D-9C96-131DCA9E39A0}.Debug|x86.ActiveCfg = Debug|Any CPU
		{6AE714E3-232B-460D-9C96-131DCA9E39A0}.Debug|x86.Build.0 = Debug|Any CPU
		{6AE714E3-232B-460D-9C96-131DCA9E39A0}.Release|Any CPU.ActiveCfg = Release|Any CPU
		{6AE714E3-232B-460D-9C96-131DCA9E39A0}.Release|Any CPU.Build.0 = Release|Any CPU
		{6AE714E3-232B-460D-9C96-131DCA9E39A0}.Release|x64.ActiveCfg = Release|Any CPU
		{6AE714E3-232B-460D-9C96-131DCA9E39A0}.Release|x64.Build.0 = Release|Any CPU
		{6AE714E3-232B-460D-9C96-131DCA9E39A0}.Release|x86.ActiveCfg = Release|Any CPU
		{6AE714E3-232B-460D-9C96-131DCA9E39A0}.Release|x86.Build.0 = Release|Any CPU
		{C0020198-6274-4EA9-99A1-C08EBD7D9FD0}.Debug|Any CPU.ActiveCfg = Debug|Any CPU
		{C0020198-6274-4EA9-99A1-C08EBD7D9FD0}.Debug|Any CPU.Build.0 = Debug|Any CPU
		{C0020198-6274-4EA9-99A1-C08EBD7D9FD0}.Debug|x64.ActiveCfg = Debug|Any CPU
		{C0020198-6274-4EA9-99A1-C08EBD7D9FD0}.Debug|x64.Build.0 = Debug|Any CPU
		{C0020198-6274-4EA9-99A1-C08EBD7D9FD0}.Debug|x86.ActiveCfg = Debug|Any CPU
		{C0020198-6274-4EA9-99A1-C08EBD7D9FD0}.Debug|x86.Build.0 = Debug|Any CPU
		{C0020198-6274-4EA9-99A1-C08EBD7D9FD0}.Release|Any CPU.ActiveCfg = Release|Any CPU
		{C0020198-6274-4EA9-99A1-C08EBD7D9FD0}.Release|Any CPU.Build.0 = Release|Any CPU
		{C0020198-6274-4EA9-99A1-C08EBD7D9FD0}.Release|x64.ActiveCfg = Release|Any CPU
		{C0020198-6274-4EA9-99A1-C08EBD7D9FD0}.Release|x64.Build.0 = Release|Any CPU
		{C0020198-6274-4EA9-99A1-C08EBD7D9FD0}.Release|x86.ActiveCfg = Release|Any CPU
		{C0020198-6274-4EA9-99A1-C08EBD7D9FD0}.Release|x86.Build.0 = Release|Any CPU
		{EEC3B6FF-CB23-4FF2-AB72-7F80B81D7B11}.Debug|Any CPU.ActiveCfg = Debug|Any CPU
		{EEC3B6FF-CB23-4FF2-AB72-7F80B81D7B11}.Debug|Any CPU.Build.0 = Debug|Any CPU
		{EEC3B6FF-CB23-4FF2-AB72-7F80B81D7B11}.Debug|x64.ActiveCfg = Debug|Any CPU
		{EEC3B6FF-CB23-4FF2-AB72-7F80B81D7B11}.Debug|x64.Build.0 = Debug|Any CPU
		{EEC3B6FF-CB23-4FF2-AB72-7F80B81D7B11}.Debug|x86.ActiveCfg = Debug|Any CPU
		{EEC3B6FF-CB23-4FF2-AB72-7F80B81D7B11}.Debug|x86.Build.0 = Debug|Any CPU
		{EEC3B6FF-CB23-4FF2-AB72-7F80B81D7B11}.Release|Any CPU.ActiveCfg = Release|Any CPU
		{EEC3B6FF-CB23-4FF2-AB72-7F80B81D7B11}.Release|Any CPU.Build.0 = Release|Any CPU
		{EEC3B6FF-CB23-4FF2-AB72-7F80B81D7B11}.Release|x64.ActiveCfg = Release|Any CPU
		{EEC3B6FF-CB23-4FF2-AB72-7F80B81D7B11}.Release|x64.Build.0 = Release|Any CPU
		{EEC3B6FF-CB23-4FF2-AB72-7F80B81D7B11}.Release|x86.ActiveCfg = Release|Any CPU
		{EEC3B6FF-CB23-4FF2-AB72-7F80B81D7B11}.Release|x86.Build.0 = Release|Any CPU
		{B4588B78-FA16-438C-AEF6-6E2D22749B24}.Debug|Any CPU.ActiveCfg = Debug|Any CPU
		{B4588B78-FA16-438C-AEF6-6E2D22749B24}.Debug|Any CPU.Build.0 = Debug|Any CPU
		{B4588B78-FA16-438C-AEF6-6E2D22749B24}.Debug|x64.ActiveCfg = Debug|Any CPU
		{B4588B78-FA16-438C-AEF6-6E2D22749B24}.Debug|x64.Build.0 = Debug|Any CPU
		{B4588B78-FA16-438C-AEF6-6E2D22749B24}.Debug|x86.ActiveCfg = Debug|Any CPU
		{B4588B78-FA16-438C-AEF6-6E2D22749B24}.Debug|x86.Build.0 = Debug|Any CPU
		{B4588B78-FA16-438C-AEF6-6E2D22749B24}.Release|Any CPU.ActiveCfg = Release|Any CPU
		{B4588B78-FA16-438C-AEF6-6E2D22749B24}.Release|Any CPU.Build.0 = Release|Any CPU
		{B4588B78-FA16-438C-AEF6-6E2D22749B24}.Release|x64.ActiveCfg = Release|Any CPU
		{B4588B78-FA16-438C-AEF6-6E2D22749B24}.Release|x64.Build.0 = Release|Any CPU
		{B4588B78-FA16-438C-AEF6-6E2D22749B24}.Release|x86.ActiveCfg = Release|Any CPU
		{B4588B78-FA16-438C-AEF6-6E2D22749B24}.Release|x86.Build.0 = Release|Any CPU
		{84C36CA2-F477-4743-B9D1-4630A1EB88FD}.Debug|Any CPU.ActiveCfg = Debug|Any CPU
		{84C36CA2-F477-4743-B9D1-4630A1EB88FD}.Debug|Any CPU.Build.0 = Debug|Any CPU
		{84C36CA2-F477-4743-B9D1-4630A1EB88FD}.Debug|x64.ActiveCfg = Debug|Any CPU
		{84C36CA2-F477-4743-B9D1-4630A1EB88FD}.Debug|x64.Build.0 = Debug|Any CPU
		{84C36CA2-F477-4743-B9D1-4630A1EB88FD}.Debug|x86.ActiveCfg = Debug|Any CPU
		{84C36CA2-F477-4743-B9D1-4630A1EB88FD}.Debug|x86.Build.0 = Debug|Any CPU
		{84C36CA2-F477-4743-B9D1-4630A1EB88FD}.Release|Any CPU.ActiveCfg = Release|Any CPU
		{84C36CA2-F477-4743-B9D1-4630A1EB88FD}.Release|Any CPU.Build.0 = Release|Any CPU
		{84C36CA2-F477-4743-B9D1-4630A1EB88FD}.Release|x64.ActiveCfg = Release|Any CPU
		{84C36CA2-F477-4743-B9D1-4630A1EB88FD}.Release|x64.Build.0 = Release|Any CPU
		{84C36CA2-F477-4743-B9D1-4630A1EB88FD}.Release|x86.ActiveCfg = Release|Any CPU
		{84C36CA2-F477-4743-B9D1-4630A1EB88FD}.Release|x86.Build.0 = Release|Any CPU
		{C6CDD212-F936-4EA1-B1B7-CE446E489A4C}.Debug|Any CPU.ActiveCfg = Debug|Any CPU
		{C6CDD212-F936-4EA1-B1B7-CE446E489A4C}.Debug|Any CPU.Build.0 = Debug|Any CPU
		{C6CDD212-F936-4EA1-B1B7-CE446E489A4C}.Debug|x64.ActiveCfg = Debug|Any CPU
		{C6CDD212-F936-4EA1-B1B7-CE446E489A4C}.Debug|x64.Build.0 = Debug|Any CPU
		{C6CDD212-F936-4EA1-B1B7-CE446E489A4C}.Debug|x86.ActiveCfg = Debug|Any CPU
		{C6CDD212-F936-4EA1-B1B7-CE446E489A4C}.Debug|x86.Build.0 = Debug|Any CPU
		{C6CDD212-F936-4EA1-B1B7-CE446E489A4C}.Release|Any CPU.ActiveCfg = Release|Any CPU
		{C6CDD212-F936-4EA1-B1B7-CE446E489A4C}.Release|Any CPU.Build.0 = Release|Any CPU
		{C6CDD212-F936-4EA1-B1B7-CE446E489A4C}.Release|x64.ActiveCfg = Release|Any CPU
		{C6CDD212-F936-4EA1-B1B7-CE446E489A4C}.Release|x64.Build.0 = Release|Any CPU
		{C6CDD212-F936-4EA1-B1B7-CE446E489A4C}.Release|x86.ActiveCfg = Release|Any CPU
		{C6CDD212-F936-4EA1-B1B7-CE446E489A4C}.Release|x86.Build.0 = Release|Any CPU
		{8184F4AB-B764-4F8B-B659-725CE70B295B}.Debug|Any CPU.ActiveCfg = Debug|Any CPU
		{8184F4AB-B764-4F8B-B659-725CE70B295B}.Debug|Any CPU.Build.0 = Debug|Any CPU
		{8184F4AB-B764-4F8B-B659-725CE70B295B}.Debug|x64.ActiveCfg = Debug|Any CPU
		{8184F4AB-B764-4F8B-B659-725CE70B295B}.Debug|x64.Build.0 = Debug|Any CPU
		{8184F4AB-B764-4F8B-B659-725CE70B295B}.Debug|x86.ActiveCfg = Debug|Any CPU
		{8184F4AB-B764-4F8B-B659-725CE70B295B}.Debug|x86.Build.0 = Debug|Any CPU
		{8184F4AB-B764-4F8B-B659-725CE70B295B}.Release|Any CPU.ActiveCfg = Release|Any CPU
		{8184F4AB-B764-4F8B-B659-725CE70B295B}.Release|Any CPU.Build.0 = Release|Any CPU
		{8184F4AB-B764-4F8B-B659-725CE70B295B}.Release|x64.ActiveCfg = Release|Any CPU
		{8184F4AB-B764-4F8B-B659-725CE70B295B}.Release|x64.Build.0 = Release|Any CPU
		{8184F4AB-B764-4F8B-B659-725CE70B295B}.Release|x86.ActiveCfg = Release|Any CPU
		{8184F4AB-B764-4F8B-B659-725CE70B295B}.Release|x86.Build.0 = Release|Any CPU
		{9E426F1A-C52B-4AE6-B5D2-7EC3709D60B6}.Debug|Any CPU.ActiveCfg = Debug|Any CPU
		{9E426F1A-C52B-4AE6-B5D2-7EC3709D60B6}.Debug|Any CPU.Build.0 = Debug|Any CPU
		{9E426F1A-C52B-4AE6-B5D2-7EC3709D60B6}.Debug|x64.ActiveCfg = Debug|Any CPU
		{9E426F1A-C52B-4AE6-B5D2-7EC3709D60B6}.Debug|x64.Build.0 = Debug|Any CPU
		{9E426F1A-C52B-4AE6-B5D2-7EC3709D60B6}.Debug|x86.ActiveCfg = Debug|Any CPU
		{9E426F1A-C52B-4AE6-B5D2-7EC3709D60B6}.Debug|x86.Build.0 = Debug|Any CPU
		{9E426F1A-C52B-4AE6-B5D2-7EC3709D60B6}.Release|Any CPU.ActiveCfg = Release|Any CPU
		{9E426F1A-C52B-4AE6-B5D2-7EC3709D60B6}.Release|Any CPU.Build.0 = Release|Any CPU
		{9E426F1A-C52B-4AE6-B5D2-7EC3709D60B6}.Release|x64.ActiveCfg = Release|Any CPU
		{9E426F1A-C52B-4AE6-B5D2-7EC3709D60B6}.Release|x64.Build.0 = Release|Any CPU
		{9E426F1A-C52B-4AE6-B5D2-7EC3709D60B6}.Release|x86.ActiveCfg = Release|Any CPU
		{9E426F1A-C52B-4AE6-B5D2-7EC3709D60B6}.Release|x86.Build.0 = Release|Any CPU
	EndGlobalSection
	GlobalSection(SolutionProperties) = preSolution
		HideSolutionNode = FALSE
	EndGlobalSection
	GlobalSection(NestedProjects) = preSolution
		{5B22E548-E53A-4228-B85F-61786955F3FA} = {8F9CFA6B-4D92-4D7A-8790-128B102AC0C1}
		{28E60E23-ED4E-4D8C-B76D-8653BDF729DF} = {5B22E548-E53A-4228-B85F-61786955F3FA}
		{4DB1BEF3-3AE0-472C-B7B1-0AC758DD6106} = {28E60E23-ED4E-4D8C-B76D-8653BDF729DF}
		{6ACD7408-DBA3-4BE5-A8EB-39E2D4E1E747} = {5B22E548-E53A-4228-B85F-61786955F3FA}
		{689317DF-31E6-4CC1-8015-914418617540} = {6ACD7408-DBA3-4BE5-A8EB-39E2D4E1E747}
		{026F027D-CA0F-400E-93B1-D332AE0886C4} = {5B22E548-E53A-4228-B85F-61786955F3FA}
		{8ADFDC51-1F27-4198-83ED-B704E736303D} = {026F027D-CA0F-400E-93B1-D332AE0886C4}
		{50D8B13E-164B-4D81-ABC4-267E8919954F} = {5B22E548-E53A-4228-B85F-61786955F3FA}
		{28AC408A-FB79-49A5-83A9-D2E8E6B3E521} = {50D8B13E-164B-4D81-ABC4-267E8919954F}
		{2CD73B50-37E7-419E-BA88-F9D050EEF863} = {5B22E548-E53A-4228-B85F-61786955F3FA}
		{E9B42503-DD65-4A99-B8CA-6FF6E9361F24} = {5B22E548-E53A-4228-B85F-61786955F3FA}
		{F6A95DA1-3AD8-43D9-BBE8-CDC8F05FBBA9} = {E9B42503-DD65-4A99-B8CA-6FF6E9361F24}
		{566CC61B-B7B3-4FBA-B638-5431093649ED} = {2CD73B50-37E7-419E-BA88-F9D050EEF863}
		{465B3F79-15A3-4C7A-B779-DA4062E89EC5} = {71C4AAE8-FE21-4037-B050-E71F5D3C3372}
		{71C4AAE8-FE21-4037-B050-E71F5D3C3372} = {5B22E548-E53A-4228-B85F-61786955F3FA}
		{A6C03403-8942-464C-81D5-DF1A5C46192D} = {5B22E548-E53A-4228-B85F-61786955F3FA}
		{6AE714E3-232B-460D-9C96-131DCA9E39A0} = {A6C03403-8942-464C-81D5-DF1A5C46192D}
		{C0020198-6274-4EA9-99A1-C08EBD7D9FD0} = {286E06AD-8FE3-496B-A56D-36FB6A75E87A}
		{286E06AD-8FE3-496B-A56D-36FB6A75E87A} = {5B22E548-E53A-4228-B85F-61786955F3FA}
		{00A04F2B-22DC-4A26-8197-1D460087A47F} = {5B22E548-E53A-4228-B85F-61786955F3FA}
		{EEC3B6FF-CB23-4FF2-AB72-7F80B81D7B11} = {00A04F2B-22DC-4A26-8197-1D460087A47F}
		{B4588B78-FA16-438C-AEF6-6E2D22749B24} = {00A04F2B-22DC-4A26-8197-1D460087A47F}
		{84C36CA2-F477-4743-B9D1-4630A1EB88FD} = {00A04F2B-22DC-4A26-8197-1D460087A47F}
		{C6CDD212-F936-4EA1-B1B7-CE446E489A4C} = {00A04F2B-22DC-4A26-8197-1D460087A47F}
		{8184F4AB-B764-4F8B-B659-725CE70B295B} = {00A04F2B-22DC-4A26-8197-1D460087A47F}
		{9E426F1A-C52B-4AE6-B5D2-7EC3709D60B6} = {00A04F2B-22DC-4A26-8197-1D460087A47F}
	EndGlobalSection
	GlobalSection(ExtensibilityGlobals) = postSolution
		SolutionGuid = {92810C23-399D-4884-A176-3C36522C5A79}
	EndGlobalSection
EndGlobal
